
Microsoft Visual Studio Solution File, Format Version 12.00
# Visual Studio 15
VisualStudioVersion = 15.0.27428.2002
MinimumVisualStudioVersion = 10.0.40219.1
Project("{FAE04EC0-301F-11D3-BF4B-00C04F79EFBC}") = "Aula 1", "Aula 1\Aula 1.csproj", "{C66CB550-3B01-47C0-9B6A-D8E60D6FC426}"
EndProject
Global
	GlobalSection(SolutionConfigurationPlatforms) = preSolution
		Debug|Any CPU = Debug|Any CPU
		Release|Any CPU = Release|Any CPU
	EndGlobalSection
	GlobalSection(ProjectConfigurationPlatforms) = postSolution
		{C66CB550-3B01-47C0-9B6A-D8E60D6FC426}.Debug|Any CPU.ActiveCfg = Debug|Any CPU
		{C66CB550-3B01-47C0-9B6A-D8E60D6FC426}.Debug|Any CPU.Build.0 = Debug|Any CPU
		{C66CB550-3B01-47C0-9B6A-D8E60D6FC426}.Release|Any CPU.ActiveCfg = Release|Any CPU
		{C66CB550-3B01-47C0-9B6A-D8E60D6FC426}.Release|Any CPU.Build.0 = Release|Any CPU
	EndGlobalSection
	GlobalSection(SolutionProperties) = preSolution
		HideSolutionNode = FALSE
	EndGlobalSection
	GlobalSection(ExtensibilityGlobals) = postSolution
		SolutionGuid = {B89DA2B8-913B-4B33-8533-B2344F2C507D}
	EndGlobalSection
EndGlobal
