
Microsoft Visual Studio Solution File, Format Version 12.00
# Visual Studio 15
VisualStudioVersion = 15.0.28307.779
MinimumVisualStudioVersion = 10.0.40219.1
Project("{FAE04EC0-301F-11D3-BF4B-00C04F79EFBC}") = "RestClient.Android", "RestClient\RestClient.Android\RestClient.Android.csproj", "{9013EE34-60D7-44E2-959B-E66312E082BD}"
EndProject
Project("{FAE04EC0-301F-11D3-BF4B-00C04F79EFBC}") = "RestClient.UWP", "RestClient\RestClient.UWP\RestClient.UWP.csproj", "{9025D4B1-5737-4550-8B27-402F4C043C38}"
EndProject
Project("{FAE04EC0-301F-11D3-BF4B-00C04F79EFBC}") = "RestClient", "RestClient\RestClient\RestClient.csproj", "{34DC6D99-07D2-4B03-A9AD-28B3F1896920}"
EndProject
Global
	GlobalSection(SolutionConfigurationPlatforms) = preSolution
		Debug|Any CPU = Debug|Any CPU
		Debug|ARM = Debug|ARM
		Debug|x64 = Debug|x64
		Debug|x86 = Debug|x86
		Release|Any CPU = Release|Any CPU
		Release|ARM = Release|ARM
		Release|x64 = Release|x64
		Release|x86 = Release|x86
	EndGlobalSection
	GlobalSection(ProjectConfigurationPlatforms) = postSolution
		{9013EE34-60D7-44E2-959B-E66312E082BD}.Debug|Any CPU.ActiveCfg = Debug|Any CPU
		{9013EE34-60D7-44E2-959B-E66312E082BD}.Debug|Any CPU.Build.0 = Debug|Any CPU
		{9013EE34-60D7-44E2-959B-E66312E082BD}.Debug|Any CPU.Deploy.0 = Debug|Any CPU
		{9013EE34-60D7-44E2-959B-E66312E082BD}.Debug|ARM.ActiveCfg = Debug|Any CPU
		{9013EE34-60D7-44E2-959B-E66312E082BD}.Debug|ARM.Build.0 = Debug|Any CPU
		{9013EE34-60D7-44E2-959B-E66312E082BD}.Debug|ARM.Deploy.0 = Debug|Any CPU
		{9013EE34-60D7-44E2-959B-E66312E082BD}.Debug|x64.ActiveCfg = Debug|Any CPU
		{9013EE34-60D7-44E2-959B-E66312E082BD}.Debug|x64.Build.0 = Debug|Any CPU
		{9013EE34-60D7-44E2-959B-E66312E082BD}.Debug|x64.Deploy.0 = Debug|Any CPU
		{9013EE34-60D7-44E2-959B-E66312E082BD}.Debug|x86.ActiveCfg = Debug|Any CPU
		{9013EE34-60D7-44E2-959B-E66312E082BD}.Debug|x86.Build.0 = Debug|Any CPU
		{9013EE34-60D7-44E2-959B-E66312E082BD}.Debug|x86.Deploy.0 = Debug|Any CPU
		{9013EE34-60D7-44E2-959B-E66312E082BD}.Release|Any CPU.ActiveCfg = Release|Any CPU
		{9013EE34-60D7-44E2-959B-E66312E082BD}.Release|Any CPU.Build.0 = Release|Any CPU
		{9013EE34-60D7-44E2-959B-E66312E082BD}.Release|Any CPU.Deploy.0 = Release|Any CPU
		{9013EE34-60D7-44E2-959B-E66312E082BD}.Release|ARM.ActiveCfg = Release|Any CPU
		{9013EE34-60D7-44E2-959B-E66312E082BD}.Release|ARM.Build.0 = Release|Any CPU
		{9013EE34-60D7-44E2-959B-E66312E082BD}.Release|ARM.Deploy.0 = Release|Any CPU
		{9013EE34-60D7-44E2-959B-E66312E082BD}.Release|x64.ActiveCfg = Release|Any CPU
		{9013EE34-60D7-44E2-959B-E66312E082BD}.Release|x64.Build.0 = Release|Any CPU
		{9013EE34-60D7-44E2-959B-E66312E082BD}.Release|x64.Deploy.0 = Release|Any CPU
		{9013EE34-60D7-44E2-959B-E66312E082BD}.Release|x86.ActiveCfg = Release|Any CPU
		{9013EE34-60D7-44E2-959B-E66312E082BD}.Release|x86.Build.0 = Release|Any CPU
		{9013EE34-60D7-44E2-959B-E66312E082BD}.Release|x86.Deploy.0 = Release|Any CPU
		{9025D4B1-5737-4550-8B27-402F4C043C38}.Debug|Any CPU.ActiveCfg = Debug|x86
		{9025D4B1-5737-4550-8B27-402F4C043C38}.Debug|Any CPU.Build.0 = Debug|x86
		{9025D4B1-5737-4550-8B27-402F4C043C38}.Debug|Any CPU.Deploy.0 = Debug|x86
		{9025D4B1-5737-4550-8B27-402F4C043C38}.Debug|ARM.ActiveCfg = Debug|ARM
		{9025D4B1-5737-4550-8B27-402F4C043C38}.Debug|ARM.Build.0 = Debug|ARM
		{9025D4B1-5737-4550-8B27-402F4C043C38}.Debug|ARM.Deploy.0 = Debug|ARM
		{9025D4B1-5737-4550-8B27-402F4C043C38}.Debug|x64.ActiveCfg = Debug|x64
		{9025D4B1-5737-4550-8B27-402F4C043C38}.Debug|x64.Build.0 = Debug|x64
		{9025D4B1-5737-4550-8B27-402F4C043C38}.Debug|x64.Deploy.0 = Debug|x64
		{9025D4B1-5737-4550-8B27-402F4C043C38}.Debug|x86.ActiveCfg = Debug|x86
		{9025D4B1-5737-4550-8B27-402F4C043C38}.Debug|x86.Build.0 = Debug|x86
		{9025D4B1-5737-4550-8B27-402F4C043C38}.Debug|x86.Deploy.0 = Debug|x86
		{9025D4B1-5737-4550-8B27-402F4C043C38}.Release|Any CPU.ActiveCfg = Release|x86
		{9025D4B1-5737-4550-8B27-402F4C043C38}.Release|Any CPU.Build.0 = Release|x86
		{9025D4B1-5737-4550-8B27-402F4C043C38}.Release|Any CPU.Deploy.0 = Release|x86
		{9025D4B1-5737-4550-8B27-402F4C043C38}.Release|ARM.ActiveCfg = Release|ARM
		{9025D4B1-5737-4550-8B27-402F4C043C38}.Release|ARM.Build.0 = Release|ARM
		{9025D4B1-5737-4550-8B27-402F4C043C38}.Release|ARM.Deploy.0 = Release|ARM
		{9025D4B1-5737-4550-8B27-402F4C043C38}.Release|x64.ActiveCfg = Release|x64
		{9025D4B1-5737-4550-8B27-402F4C043C38}.Release|x64.Build.0 = Release|x64
		{9025D4B1-5737-4550-8B27-402F4C043C38}.Release|x64.Deploy.0 = Release|x64
		{9025D4B1-5737-4550-8B27-402F4C043C38}.Release|x86.ActiveCfg = Release|x86
		{9025D4B1-5737-4550-8B27-402F4C043C38}.Release|x86.Build.0 = Release|x86
		{9025D4B1-5737-4550-8B27-402F4C043C38}.Release|x86.Deploy.0 = Release|x86
		{34DC6D99-07D2-4B03-A9AD-28B3F1896920}.Debug|Any CPU.ActiveCfg = Debug|Any CPU
		{34DC6D99-07D2-4B03-A9AD-28B3F1896920}.Debug|Any CPU.Build.0 = Debug|Any CPU
		{34DC6D99-07D2-4B03-A9AD-28B3F1896920}.Debug|Any CPU.Deploy.0 = Debug|Any CPU
		{34DC6D99-07D2-4B03-A9AD-28B3F1896920}.Debug|ARM.ActiveCfg = Debug|Any CPU
		{34DC6D99-07D2-4B03-A9AD-28B3F1896920}.Debug|ARM.Build.0 = Debug|Any CPU
		{34DC6D99-07D2-4B03-A9AD-28B3F1896920}.Debug|ARM.Deploy.0 = Debug|Any CPU
		{34DC6D99-07D2-4B03-A9AD-28B3F1896920}.Debug|x64.ActiveCfg = Debug|Any CPU
		{34DC6D99-07D2-4B03-A9AD-28B3F1896920}.Debug|x64.Build.0 = Debug|Any CPU
		{34DC6D99-07D2-4B03-A9AD-28B3F1896920}.Debug|x64.Deploy.0 = Debug|Any CPU
		{34DC6D99-07D2-4B03-A9AD-28B3F1896920}.Debug|x86.ActiveCfg = Debug|Any CPU
		{34DC6D99-07D2-4B03-A9AD-28B3F1896920}.Debug|x86.Build.0 = Debug|Any CPU
		{34DC6D99-07D2-4B03-A9AD-28B3F1896920}.Debug|x86.Deploy.0 = Debug|Any CPU
		{34DC6D99-07D2-4B03-A9AD-28B3F1896920}.Release|Any CPU.ActiveCfg = Release|Any CPU
		{34DC6D99-07D2-4B03-A9AD-28B3F1896920}.Release|Any CPU.Build.0 = Release|Any CPU
		{34DC6D99-07D2-4B03-A9AD-28B3F1896920}.Release|Any CPU.Deploy.0 = Release|Any CPU
		{34DC6D99-07D2-4B03-A9AD-28B3F1896920}.Release|ARM.ActiveCfg = Release|Any CPU
		{34DC6D99-07D2-4B03-A9AD-28B3F1896920}.Release|ARM.Build.0 = Release|Any CPU
		{34DC6D99-07D2-4B03-A9AD-28B3F1896920}.Release|ARM.Deploy.0 = Release|Any CPU
		{34DC6D99-07D2-4B03-A9AD-28B3F1896920}.Release|x64.ActiveCfg = Release|Any CPU
		{34DC6D99-07D2-4B03-A9AD-28B3F1896920}.Release|x64.Build.0 = Release|Any CPU
		{34DC6D99-07D2-4B03-A9AD-28B3F1896920}.Release|x64.Deploy.0 = Release|Any CPU
		{34DC6D99-07D2-4B03-A9AD-28B3F1896920}.Release|x86.ActiveCfg = Release|Any CPU
		{34DC6D99-07D2-4B03-A9AD-28B3F1896920}.Release|x86.Build.0 = Release|Any CPU
		{34DC6D99-07D2-4B03-A9AD-28B3F1896920}.Release|x86.Deploy.0 = Release|Any CPU
	EndGlobalSection
	GlobalSection(SolutionProperties) = preSolution
		HideSolutionNode = FALSE
	EndGlobalSection
	GlobalSection(ExtensibilityGlobals) = postSolution
		SolutionGuid = {6D057A1D-CF24-4DB8-8142-403226BD3843}
	EndGlobalSection
EndGlobal
