
Microsoft Visual Studio Solution File, Format Version 12.00
# Visual Studio 15
VisualStudioVersion = 15.0.27428.2002
MinimumVisualStudioVersion = 10.0.40219.1
Project("{FAE04EC0-301F-11D3-BF4B-00C04F79EFBC}") = "MyFood", "MyFood\MyFood.csproj", "{FC441EE7-83B3-4D41-B478-F1C476322F6A}"
EndProject
Global
	GlobalSection(SolutionConfigurationPlatforms) = preSolution
		Debug|Any CPU = Debug|Any CPU
		Release|Any CPU = Release|Any CPU
	EndGlobalSection
	GlobalSection(ProjectConfigurationPlatforms) = postSolution
		{FC441EE7-83B3-4D41-B478-F1C476322F6A}.Debug|Any CPU.ActiveCfg = Debug|Any CPU
		{FC441EE7-83B3-4D41-B478-F1C476322F6A}.Debug|Any CPU.Build.0 = Debug|Any CPU
		{FC441EE7-83B3-4D41-B478-F1C476322F6A}.Debug|Any CPU.Deploy.0 = Debug|Any CPU
		{FC441EE7-83B3-4D41-B478-F1C476322F6A}.Release|Any CPU.ActiveCfg = Release|Any CPU
		{FC441EE7-83B3-4D41-B478-F1C476322F6A}.Release|Any CPU.Build.0 = Release|Any CPU
		{FC441EE7-83B3-4D41-B478-F1C476322F6A}.Release|Any CPU.Deploy.0 = Release|Any CPU
	EndGlobalSection
	GlobalSection(SolutionProperties) = preSolution
		HideSolutionNode = FALSE
	EndGlobalSection
	GlobalSection(ExtensibilityGlobals) = postSolution
		SolutionGuid = {17D4950B-7976-428B-A19E-BA069B63ED05}
	EndGlobalSection
EndGlobal
