
Microsoft Visual Studio Solution File, Format Version 12.00
# Visual Studio 15
VisualStudioVersion = 15.0.28307.779
MinimumVisualStudioVersion = 10.0.40219.1
Project("{FAE04EC0-301F-11D3-BF4B-00C04F79EFBC}") = "EstudoLinq", "EstudoLinq\EstudoLinq.csproj", "{99EFF226-BD68-4981-84BE-4987A11F6A36}"
EndProject
Global
	GlobalSection(SolutionConfigurationPlatforms) = preSolution
		Debug|Any CPU = Debug|Any CPU
		Release|Any CPU = Release|Any CPU
	EndGlobalSection
	GlobalSection(ProjectConfigurationPlatforms) = postSolution
		{99EFF226-BD68-4981-84BE-4987A11F6A36}.Debug|Any CPU.ActiveCfg = Debug|Any CPU
		{99EFF226-BD68-4981-84BE-4987A11F6A36}.Debug|Any CPU.Build.0 = Debug|Any CPU
		{99EFF226-BD68-4981-84BE-4987A11F6A36}.Release|Any CPU.ActiveCfg = Release|Any CPU
		{99EFF226-BD68-4981-84BE-4987A11F6A36}.Release|Any CPU.Build.0 = Release|Any CPU
	EndGlobalSection
	GlobalSection(SolutionProperties) = preSolution
		HideSolutionNode = FALSE
	EndGlobalSection
	GlobalSection(ExtensibilityGlobals) = postSolution
		SolutionGuid = {48782A03-8D61-4799-96FE-2A915377EC5F}
	EndGlobalSection
EndGlobal
